
Microsoft Visual Studio Solution File, Format Version 12.00
# Visual Studio Version 17
VisualStudioVersion = 17.7.34024.191
MinimumVisualStudioVersion = 10.0.40219.1
Project("{FAE04EC0-301F-11D3-BF4B-00C04F79EFBC}") = "01_duplicates", "01_duplicates\01_duplicates.csproj", "{40471B9C-D549-4AFA-804B-E21681DA3A55}"
EndProject
Global
	GlobalSection(SolutionConfigurationPlatforms) = preSolution
		Debug|Any CPU = Debug|Any CPU
		Release|Any CPU = Release|Any CPU
	EndGlobalSection
	GlobalSection(ProjectConfigurationPlatforms) = postSolution
		{40471B9C-D549-4AFA-804B-E21681DA3A55}.Debug|Any CPU.ActiveCfg = Debug|Any CPU
		{40471B9C-D549-4AFA-804B-E21681DA3A55}.Debug|Any CPU.Build.0 = Debug|Any CPU
		{40471B9C-D549-4AFA-804B-E21681DA3A55}.Release|Any CPU.ActiveCfg = Release|Any CPU
		{40471B9C-D549-4AFA-804B-E21681DA3A55}.Release|Any CPU.Build.0 = Release|Any CPU
	EndGlobalSection
	GlobalSection(SolutionProperties) = preSolution
		HideSolutionNode = FALSE
	EndGlobalSection
	GlobalSection(ExtensibilityGlobals) = postSolution
		SolutionGuid = {A58306DD-90FE-4BF7-BAFE-40B8670A2070}
	EndGlobalSection
EndGlobal
