
Microsoft Visual Studio Solution File, Format Version 12.00
# Visual Studio Version 17
VisualStudioVersion = 17.6.33712.159
MinimumVisualStudioVersion = 10.0.40219.1
Project("{FAE04EC0-301F-11D3-BF4B-00C04F79EFBC}") = "Module_05", "Module_05.csproj", "{4CF9141D-4ACF-46DB-8C28-8131D1BC786B}"
EndProject
Global
	GlobalSection(SolutionConfigurationPlatforms) = preSolution
		Debug|Any CPU = Debug|Any CPU
		Release|Any CPU = Release|Any CPU
	EndGlobalSection
	GlobalSection(ProjectConfigurationPlatforms) = postSolution
		{4CF9141D-4ACF-46DB-8C28-8131D1BC786B}.Debug|Any CPU.ActiveCfg = Debug|Any CPU
		{4CF9141D-4ACF-46DB-8C28-8131D1BC786B}.Debug|Any CPU.Build.0 = Debug|Any CPU
		{4CF9141D-4ACF-46DB-8C28-8131D1BC786B}.Release|Any CPU.ActiveCfg = Release|Any CPU
		{4CF9141D-4ACF-46DB-8C28-8131D1BC786B}.Release|Any CPU.Build.0 = Release|Any CPU
	EndGlobalSection
	GlobalSection(SolutionProperties) = preSolution
		HideSolutionNode = FALSE
	EndGlobalSection
	GlobalSection(ExtensibilityGlobals) = postSolution
		SolutionGuid = {5E972AB1-AF70-4466-938D-C490F9769DC0}
	EndGlobalSection
EndGlobal
