
Microsoft Visual Studio Solution File, Format Version 12.00
# Visual Studio Version 17
VisualStudioVersion = 17.6.33712.159
MinimumVisualStudioVersion = 10.0.40219.1
Project("{FAE04EC0-301F-11D3-BF4B-00C04F79EFBC}") = "Module_06", "Module_06.csproj", "{951B1181-5F90-425A-A4E5-F8C862706129}"
EndProject
Global
	GlobalSection(SolutionConfigurationPlatforms) = preSolution
		Debug|Any CPU = Debug|Any CPU
		Release|Any CPU = Release|Any CPU
	EndGlobalSection
	GlobalSection(ProjectConfigurationPlatforms) = postSolution
		{951B1181-5F90-425A-A4E5-F8C862706129}.Debug|Any CPU.ActiveCfg = Debug|Any CPU
		{951B1181-5F90-425A-A4E5-F8C862706129}.Debug|Any CPU.Build.0 = Debug|Any CPU
		{951B1181-5F90-425A-A4E5-F8C862706129}.Release|Any CPU.ActiveCfg = Release|Any CPU
		{951B1181-5F90-425A-A4E5-F8C862706129}.Release|Any CPU.Build.0 = Release|Any CPU
	EndGlobalSection
	GlobalSection(SolutionProperties) = preSolution
		HideSolutionNode = FALSE
	EndGlobalSection
	GlobalSection(ExtensibilityGlobals) = postSolution
		SolutionGuid = {176C55F2-E634-44E6-AC2B-293C81D0C139}
	EndGlobalSection
EndGlobal
