
Microsoft Visual Studio Solution File, Format Version 12.00
# Visual Studio Version 17
VisualStudioVersion = 17.7.34024.191
MinimumVisualStudioVersion = 10.0.40219.1
Project("{FAE04EC0-301F-11D3-BF4B-00C04F79EFBC}") = "Trees", "Trees.csproj", "{518BCB24-4240-463B-AF47-CF5752787F42}"
EndProject
Global
	GlobalSection(SolutionConfigurationPlatforms) = preSolution
		Debug|Any CPU = Debug|Any CPU
		Release|Any CPU = Release|Any CPU
	EndGlobalSection
	GlobalSection(ProjectConfigurationPlatforms) = postSolution
		{518BCB24-4240-463B-AF47-CF5752787F42}.Debug|Any CPU.ActiveCfg = Debug|Any CPU
		{518BCB24-4240-463B-AF47-CF5752787F42}.Debug|Any CPU.Build.0 = Debug|Any CPU
		{518BCB24-4240-463B-AF47-CF5752787F42}.Release|Any CPU.ActiveCfg = Release|Any CPU
		{518BCB24-4240-463B-AF47-CF5752787F42}.Release|Any CPU.Build.0 = Release|Any CPU
	EndGlobalSection
	GlobalSection(SolutionProperties) = preSolution
		HideSolutionNode = FALSE
	EndGlobalSection
	GlobalSection(ExtensibilityGlobals) = postSolution
		SolutionGuid = {5FAE536A-9D4F-4B31-A344-5A140767D043}
	EndGlobalSection
EndGlobal
