
Microsoft Visual Studio Solution File, Format Version 12.00
# Visual Studio Version 17
VisualStudioVersion = 17.7.34024.191
MinimumVisualStudioVersion = 10.0.40219.1
Project("{FAE04EC0-301F-11D3-BF4B-00C04F79EFBC}") = "Module_05", "Module_05\Module_05.csproj", "{379A24AC-CC4C-4500-9F00-AAED9C50D76A}"
EndProject
Global
	GlobalSection(SolutionConfigurationPlatforms) = preSolution
		Debug|Any CPU = Debug|Any CPU
		Release|Any CPU = Release|Any CPU
	EndGlobalSection
	GlobalSection(ProjectConfigurationPlatforms) = postSolution
		{379A24AC-CC4C-4500-9F00-AAED9C50D76A}.Debug|Any CPU.ActiveCfg = Debug|Any CPU
		{379A24AC-CC4C-4500-9F00-AAED9C50D76A}.Debug|Any CPU.Build.0 = Debug|Any CPU
		{379A24AC-CC4C-4500-9F00-AAED9C50D76A}.Release|Any CPU.ActiveCfg = Release|Any CPU
		{379A24AC-CC4C-4500-9F00-AAED9C50D76A}.Release|Any CPU.Build.0 = Release|Any CPU
	EndGlobalSection
	GlobalSection(SolutionProperties) = preSolution
		HideSolutionNode = FALSE
	EndGlobalSection
	GlobalSection(ExtensibilityGlobals) = postSolution
		SolutionGuid = {BCE93A34-EFA9-46D9-B383-92BEAFDE5BFB}
	EndGlobalSection
EndGlobal
