
Microsoft Visual Studio Solution File, Format Version 12.00
# Visual Studio Version 17
VisualStudioVersion = 17.7.34024.191
MinimumVisualStudioVersion = 10.0.40219.1
Project("{FAE04EC0-301F-11D3-BF4B-00C04F79EFBC}") = "Module_02", "Module_02\Module_02.csproj", "{ACF09622-0FD3-49CF-9729-0E515CB09F40}"
EndProject
Global
	GlobalSection(SolutionConfigurationPlatforms) = preSolution
		Debug|Any CPU = Debug|Any CPU
		Release|Any CPU = Release|Any CPU
	EndGlobalSection
	GlobalSection(ProjectConfigurationPlatforms) = postSolution
		{ACF09622-0FD3-49CF-9729-0E515CB09F40}.Debug|Any CPU.ActiveCfg = Debug|Any CPU
		{ACF09622-0FD3-49CF-9729-0E515CB09F40}.Debug|Any CPU.Build.0 = Debug|Any CPU
		{ACF09622-0FD3-49CF-9729-0E515CB09F40}.Release|Any CPU.ActiveCfg = Release|Any CPU
		{ACF09622-0FD3-49CF-9729-0E515CB09F40}.Release|Any CPU.Build.0 = Release|Any CPU
	EndGlobalSection
	GlobalSection(SolutionProperties) = preSolution
		HideSolutionNode = FALSE
	EndGlobalSection
	GlobalSection(ExtensibilityGlobals) = postSolution
		SolutionGuid = {07C6C355-4323-4968-B58D-4DAE9D66F25A}
	EndGlobalSection
EndGlobal
